
Microsoft Visual Studio Solution File, Format Version 12.00
# Visual Studio Version 17
VisualStudioVersion = 17.10.35027.167
MinimumVisualStudioVersion = 10.0.40219.1
Project("{FAE04EC0-301F-11D3-BF4B-00C04F79EFBC}") = "WpfApp1", "WpfApp1\WpfApp1.csproj", "{2E327517-B5A0-476B-930A-675085F797FF}"
EndProject
Global
	GlobalSection(SolutionConfigurationPlatforms) = preSolution
		Debug|Any CPU = Debug|Any CPU
		Release|Any CPU = Release|Any CPU
	EndGlobalSection
	GlobalSection(ProjectConfigurationPlatforms) = postSolution
		{2E327517-B5A0-476B-930A-675085F797FF}.Debug|Any CPU.ActiveCfg = Debug|Any CPU
		{2E327517-B5A0-476B-930A-675085F797FF}.Debug|Any CPU.Build.0 = Debug|Any CPU
		{2E327517-B5A0-476B-930A-675085F797FF}.Release|Any CPU.ActiveCfg = Release|Any CPU
		{2E327517-B5A0-476B-930A-675085F797FF}.Release|Any CPU.Build.0 = Release|Any CPU
	EndGlobalSection
	GlobalSection(SolutionProperties) = preSolution
		HideSolutionNode = FALSE
	EndGlobalSection
	GlobalSection(ExtensibilityGlobals) = postSolution
		SolutionGuid = {4DBA0DD9-F8E1-418F-9ECF-393D28D8D318}
	EndGlobalSection
EndGlobal
